// !$*UTF8*$!
{
	archiveVersion = 1;
	classes = {
	};
	objectVersion = 56;
	objects = {

/* Begin PBXBuildFile section */
		965F7CA72A1F4A45000A9FB8 /* UserDefaultManager.swift in Sources */ = {isa = PBXBuildFile; fileRef = 965F7CA62A1F4A45000A9FB8 /* UserDefaultManager.swift */; };
		965F7CA92A1F4EED000A9FB8 /* UserRouter.swift in Sources */ = {isa = PBXBuildFile; fileRef = 965F7CA82A1F4EED000A9FB8 /* UserRouter.swift */; };
		965F7CAB2A1F4FAB000A9FB8 /* UserApiService.swift in Sources */ = {isa = PBXBuildFile; fileRef = 965F7CAA2A1F4FAB000A9FB8 /* UserApiService.swift */; };
		965F7CAD2A1F5352000A9FB8 /* UserInfoResponse.swift in Sources */ = {isa = PBXBuildFile; fileRef = 965F7CAC2A1F5352000A9FB8 /* UserInfoResponse.swift */; };
		965F7CB02A1F541B000A9FB8 /* OAuthCredential.swift in Sources */ = {isa = PBXBuildFile; fileRef = 965F7CAF2A1F541B000A9FB8 /* OAuthCredential.swift */; };
		965F7CB22A1F54DA000A9FB8 /* OAuthAuthenticator.swift in Sources */ = {isa = PBXBuildFile; fileRef = 965F7CB12A1F54DA000A9FB8 /* OAuthAuthenticator.swift */; };
		96A6B24D2A1D9AEA00B16400 /* TokenLoginApp.swift in Sources */ = {isa = PBXBuildFile; fileRef = 96A6B24C2A1D9AEA00B16400 /* TokenLoginApp.swift */; };
		96A6B24F2A1D9AEA00B16400 /* ContentView.swift in Sources */ = {isa = PBXBuildFile; fileRef = 96A6B24E2A1D9AEA00B16400 /* ContentView.swift */; };
		96A6B2512A1D9AEB00B16400 /* Assets.xcassets in Resources */ = {isa = PBXBuildFile; fileRef = 96A6B2502A1D9AEB00B16400 /* Assets.xcassets */; };
		96A6B2542A1D9AEB00B16400 /* Preview Assets.xcassets in Resources */ = {isa = PBXBuildFile; fileRef = 96A6B2532A1D9AEB00B16400 /* Preview Assets.xcassets */; };
		96A6B25C2A1DA4E300B16400 /* LoginView.swift in Sources */ = {isa = PBXBuildFile; fileRef = 96A6B25B2A1DA4E300B16400 /* LoginView.swift */; };
		96A6B25E2A1DA7AE00B16400 /* RegisterView.swift in Sources */ = {isa = PBXBuildFile; fileRef = 96A6B25D2A1DA7AE00B16400 /* RegisterView.swift */; };
		96A6B2602A1DAA4A00B16400 /* ProfileView.swift in Sources */ = {isa = PBXBuildFile; fileRef = 96A6B25F2A1DAA4A00B16400 /* ProfileView.swift */; };
		96A6B2632A1DAAA200B16400 /* UserData.swift in Sources */ = {isa = PBXBuildFile; fileRef = 96A6B2622A1DAAA200B16400 /* UserData.swift */; };
		96A6B2662A1DC68A00B16400 /* OtherUserProfileView.swift in Sources */ = {isa = PBXBuildFile; fileRef = 96A6B2652A1DC68A00B16400 /* OtherUserProfileView.swift */; };
		96A6B2682A1DC7E000B16400 /* UserListView.swift in Sources */ = {isa = PBXBuildFile; fileRef = 96A6B2672A1DC7E000B16400 /* UserListView.swift */; };
		96A6B26B2A1DD00E00B16400 /* Alamofire in Frameworks */ = {isa = PBXBuildFile; productRef = 96A6B26A2A1DD00E00B16400 /* Alamofire */; };
		96A6B2702A1DD33500B16400 /* ApiClient.swift in Sources */ = {isa = PBXBuildFile; fileRef = 96A6B26F2A1DD33500B16400 /* ApiClient.swift */; };
		96A6B2722A1DD44D00B16400 /* BaseInterceptor.swift in Sources */ = {isa = PBXBuildFile; fileRef = 96A6B2712A1DD44D00B16400 /* BaseInterceptor.swift */; };
		96A6B2742A1DD52900B16400 /* ApiLogger.swift in Sources */ = {isa = PBXBuildFile; fileRef = 96A6B2732A1DD52900B16400 /* ApiLogger.swift */; };
		96A6B2762A1DD6A700B16400 /* AuthRouter.swift in Sources */ = {isa = PBXBuildFile; fileRef = 96A6B2752A1DD6A700B16400 /* AuthRouter.swift */; };
		96A6B2792A1DDDB700B16400 /* AuthApiService.swift in Sources */ = {isa = PBXBuildFile; fileRef = 96A6B2782A1DDDB700B16400 /* AuthApiService.swift */; };
		96A6B27B2A1DDE9B00B16400 /* TokenData.swift in Sources */ = {isa = PBXBuildFile; fileRef = 96A6B27A2A1DDE9B00B16400 /* TokenData.swift */; };
		96A6B27D2A1DDFDD00B16400 /* AuthResponse.swift in Sources */ = {isa = PBXBuildFile; fileRef = 96A6B27C2A1DDFDD00B16400 /* AuthResponse.swift */; };
		96A6B2802A1DE13600B16400 /* UserVM.swift in Sources */ = {isa = PBXBuildFile; fileRef = 96A6B27F2A1DE13600B16400 /* UserVM.swift */; };
/* End PBXBuildFile section */

/* Begin PBXFileReference section */
		965F7CA62A1F4A45000A9FB8 /* UserDefaultManager.swift */ = {isa = PBXFileReference; lastKnownFileType = sourcecode.swift; path = UserDefaultManager.swift; sourceTree = "<group>"; };
		965F7CA82A1F4EED000A9FB8 /* UserRouter.swift */ = {isa = PBXFileReference; lastKnownFileType = sourcecode.swift; path = UserRouter.swift; sourceTree = "<group>"; };
		965F7CAA2A1F4FAB000A9FB8 /* UserApiService.swift */ = {isa = PBXFileReference; lastKnownFileType = sourcecode.swift; path = UserApiService.swift; sourceTree = "<group>"; };
		965F7CAC2A1F5352000A9FB8 /* UserInfoResponse.swift */ = {isa = PBXFileReference; lastKnownFileType = sourcecode.swift; path = UserInfoResponse.swift; sourceTree = "<group>"; };
		965F7CAF2A1F541B000A9FB8 /* OAuthCredential.swift */ = {isa = PBXFileReference; lastKnownFileType = sourcecode.swift; path = OAuthCredential.swift; sourceTree = "<group>"; };
		965F7CB12A1F54DA000A9FB8 /* OAuthAuthenticator.swift */ = {isa = PBXFileReference; lastKnownFileType = sourcecode.swift; path = OAuthAuthenticator.swift; sourceTree = "<group>"; };
		96A6B2492A1D9AEA00B16400 /* TokenLogin.app */ = {isa = PBXFileReference; explicitFileType = wrapper.application; includeInIndex = 0; path = TokenLogin.app; sourceTree = BUILT_PRODUCTS_DIR; };
		96A6B24C2A1D9AEA00B16400 /* TokenLoginApp.swift */ = {isa = PBXFileReference; lastKnownFileType = sourcecode.swift; path = TokenLoginApp.swift; sourceTree = "<group>"; };
		96A6B24E2A1D9AEA00B16400 /* ContentView.swift */ = {isa = PBXFileReference; lastKnownFileType = sourcecode.swift; path = ContentView.swift; sourceTree = "<group>"; };
		96A6B2502A1D9AEB00B16400 /* Assets.xcassets */ = {isa = PBXFileReference; lastKnownFileType = folder.assetcatalog; path = Assets.xcassets; sourceTree = "<group>"; };
		96A6B2532A1D9AEB00B16400 /* Preview Assets.xcassets */ = {isa = PBXFileReference; lastKnownFileType = folder.assetcatalog; path = "Preview Assets.xcassets"; sourceTree = "<group>"; };
		96A6B25B2A1DA4E300B16400 /* LoginView.swift */ = {isa = PBXFileReference; lastKnownFileType = sourcecode.swift; path = LoginView.swift; sourceTree = "<group>"; };
		96A6B25D2A1DA7AE00B16400 /* RegisterView.swift */ = {isa = PBXFileReference; lastKnownFileType = sourcecode.swift; path = RegisterView.swift; sourceTree = "<group>"; };
		96A6B25F2A1DAA4A00B16400 /* ProfileView.swift */ = {isa = PBXFileReference; lastKnownFileType = sourcecode.swift; path = ProfileView.swift; sourceTree = "<group>"; };
		96A6B2622A1DAAA200B16400 /* UserData.swift */ = {isa = PBXFileReference; lastKnownFileType = sourcecode.swift; path = UserData.swift; sourceTree = "<group>"; };
		96A6B2642A1DACCE00B16400 /* Info.plist */ = {isa = PBXFileReference; lastKnownFileType = text.plist; path = Info.plist; sourceTree = "<group>"; };
		96A6B2652A1DC68A00B16400 /* OtherUserProfileView.swift */ = {isa = PBXFileReference; lastKnownFileType = sourcecode.swift; path = OtherUserProfileView.swift; sourceTree = "<group>"; };
		96A6B2672A1DC7E000B16400 /* UserListView.swift */ = {isa = PBXFileReference; lastKnownFileType = sourcecode.swift; path = UserListView.swift; sourceTree = "<group>"; };
		96A6B26F2A1DD33500B16400 /* ApiClient.swift */ = {isa = PBXFileReference; lastKnownFileType = sourcecode.swift; path = ApiClient.swift; sourceTree = "<group>"; };
		96A6B2712A1DD44D00B16400 /* BaseInterceptor.swift */ = {isa = PBXFileReference; lastKnownFileType = sourcecode.swift; path = BaseInterceptor.swift; sourceTree = "<group>"; };
		96A6B2732A1DD52900B16400 /* ApiLogger.swift */ = {isa = PBXFileReference; lastKnownFileType = sourcecode.swift; path = ApiLogger.swift; sourceTree = "<group>"; };
		96A6B2752A1DD6A700B16400 /* AuthRouter.swift */ = {isa = PBXFileReference; lastKnownFileType = sourcecode.swift; path = AuthRouter.swift; sourceTree = "<group>"; };
		96A6B2782A1DDDB700B16400 /* AuthApiService.swift */ = {isa = PBXFileReference; lastKnownFileType = sourcecode.swift; path = AuthApiService.swift; sourceTree = "<group>"; };
		96A6B27A2A1DDE9B00B16400 /* TokenData.swift */ = {isa = PBXFileReference; lastKnownFileType = sourcecode.swift; path = TokenData.swift; sourceTree = "<group>"; };
		96A6B27C2A1DDFDD00B16400 /* AuthResponse.swift */ = {isa = PBXFileReference; lastKnownFileType = sourcecode.swift; path = AuthResponse.swift; sourceTree = "<group>"; };
		96A6B27F2A1DE13600B16400 /* UserVM.swift */ = {isa = PBXFileReference; lastKnownFileType = sourcecode.swift; path = UserVM.swift; sourceTree = "<group>"; };
/* End PBXFileReference section */

/* Begin PBXFrameworksBuildPhase section */
		96A6B2462A1D9AEA00B16400 /* Frameworks */ = {
			isa = PBXFrameworksBuildPhase;
			buildActionMask = 2147483647;
			files = (
				96A6B26B2A1DD00E00B16400 /* Alamofire in Frameworks */,
			);
			runOnlyForDeploymentPostprocessing = 0;
		};
/* End PBXFrameworksBuildPhase section */

/* Begin PBXGroup section */
		965F7CA52A1F4A30000A9FB8 /* Manager */ = {
			isa = PBXGroup;
			children = (
				965F7CA62A1F4A45000A9FB8 /* UserDefaultManager.swift */,
			);
			path = Manager;
			sourceTree = "<group>";
		};
		965F7CAE2A1F5409000A9FB8 /* OAuth */ = {
			isa = PBXGroup;
			children = (
				965F7CAF2A1F541B000A9FB8 /* OAuthCredential.swift */,
				965F7CB12A1F54DA000A9FB8 /* OAuthAuthenticator.swift */,
			);
			path = OAuth;
			sourceTree = "<group>";
		};
		96A6B2402A1D9AEA00B16400 = {
			isa = PBXGroup;
			children = (
				96A6B24B2A1D9AEA00B16400 /* TokenLogin */,
				96A6B24A2A1D9AEA00B16400 /* Products */,
			);
			sourceTree = "<group>";
		};
		96A6B24A2A1D9AEA00B16400 /* Products */ = {
			isa = PBXGroup;
			children = (
				96A6B2492A1D9AEA00B16400 /* TokenLogin.app */,
			);
			name = Products;
			sourceTree = "<group>";
		};
		96A6B24B2A1D9AEA00B16400 /* TokenLogin */ = {
			isa = PBXGroup;
			children = (
				965F7CA52A1F4A30000A9FB8 /* Manager */,
				96A6B26C2A1DD30900B16400 /* API */,
				96A6B26D2A1DD31200B16400 /* Router */,
				96A6B2612A1DAA9200B16400 /* Model */,
				96A6B25A2A1DA4D400B16400 /* View */,
				96A6B27E2A1DE12500B16400 /* ViewModel */,
				96A6B2642A1DACCE00B16400 /* Info.plist */,
				96A6B24C2A1D9AEA00B16400 /* TokenLoginApp.swift */,
				96A6B2502A1D9AEB00B16400 /* Assets.xcassets */,
				96A6B2522A1D9AEB00B16400 /* Preview Content */,
			);
			path = TokenLogin;
			sourceTree = "<group>";
		};
		96A6B2522A1D9AEB00B16400 /* Preview Content */ = {
			isa = PBXGroup;
			children = (
				96A6B2532A1D9AEB00B16400 /* Preview Assets.xcassets */,
			);
			path = "Preview Content";
			sourceTree = "<group>";
		};
		96A6B25A2A1DA4D400B16400 /* View */ = {
			isa = PBXGroup;
			children = (
				96A6B24E2A1D9AEA00B16400 /* ContentView.swift */,
				96A6B25B2A1DA4E300B16400 /* LoginView.swift */,
				96A6B25D2A1DA7AE00B16400 /* RegisterView.swift */,
				96A6B25F2A1DAA4A00B16400 /* ProfileView.swift */,
				96A6B2652A1DC68A00B16400 /* OtherUserProfileView.swift */,
				96A6B2672A1DC7E000B16400 /* UserListView.swift */,
			);
			path = View;
			sourceTree = "<group>";
		};
		96A6B2612A1DAA9200B16400 /* Model */ = {
			isa = PBXGroup;
			children = (
				96A6B2622A1DAAA200B16400 /* UserData.swift */,
				96A6B27A2A1DDE9B00B16400 /* TokenData.swift */,
				96A6B27C2A1DDFDD00B16400 /* AuthResponse.swift */,
				965F7CAC2A1F5352000A9FB8 /* UserInfoResponse.swift */,
			);
			path = Model;
			sourceTree = "<group>";
		};
		96A6B26C2A1DD30900B16400 /* API */ = {
			isa = PBXGroup;
			children = (
				965F7CAE2A1F5409000A9FB8 /* OAuth */,
				96A6B2772A1DDDAA00B16400 /* Service */,
				96A6B26E2A1DD31800B16400 /* Interceptor */,
				96A6B26F2A1DD33500B16400 /* ApiClient.swift */,
				96A6B2732A1DD52900B16400 /* ApiLogger.swift */,
			);
			path = API;
			sourceTree = "<group>";
		};
		96A6B26D2A1DD31200B16400 /* Router */ = {
			isa = PBXGroup;
			children = (
				96A6B2752A1DD6A700B16400 /* AuthRouter.swift */,
				965F7CA82A1F4EED000A9FB8 /* UserRouter.swift */,
			);
			path = Router;
			sourceTree = "<group>";
		};
		96A6B26E2A1DD31800B16400 /* Interceptor */ = {
			isa = PBXGroup;
			children = (
				96A6B2712A1DD44D00B16400 /* BaseInterceptor.swift */,
			);
			path = Interceptor;
			sourceTree = "<group>";
		};
		96A6B2772A1DDDAA00B16400 /* Service */ = {
			isa = PBXGroup;
			children = (
				96A6B2782A1DDDB700B16400 /* AuthApiService.swift */,
				965F7CAA2A1F4FAB000A9FB8 /* UserApiService.swift */,
			);
			path = Service;
			sourceTree = "<group>";
		};
		96A6B27E2A1DE12500B16400 /* ViewModel */ = {
			isa = PBXGroup;
			children = (
				96A6B27F2A1DE13600B16400 /* UserVM.swift */,
			);
			path = ViewModel;
			sourceTree = "<group>";
		};
/* End PBXGroup section */

/* Begin PBXNativeTarget section */
		96A6B2482A1D9AEA00B16400 /* TokenLogin */ = {
			isa = PBXNativeTarget;
			buildConfigurationList = 96A6B2572A1D9AEB00B16400 /* Build configuration list for PBXNativeTarget "TokenLogin" */;
			buildPhases = (
				96A6B2452A1D9AEA00B16400 /* Sources */,
				96A6B2462A1D9AEA00B16400 /* Frameworks */,
				96A6B2472A1D9AEA00B16400 /* Resources */,
			);
			buildRules = (
			);
			dependencies = (
			);
			name = TokenLogin;
			packageProductDependencies = (
				96A6B26A2A1DD00E00B16400 /* Alamofire */,
			);
			productName = TokenLogin;
			productReference = 96A6B2492A1D9AEA00B16400 /* TokenLogin.app */;
			productType = "com.apple.product-type.application";
		};
/* End PBXNativeTarget section */

/* Begin PBXProject section */
		96A6B2412A1D9AEA00B16400 /* Project object */ = {
			isa = PBXProject;
			attributes = {
				BuildIndependentTargetsInParallel = 1;
				LastSwiftUpdateCheck = 1420;
				LastUpgradeCheck = 1420;
				TargetAttributes = {
					96A6B2482A1D9AEA00B16400 = {
						CreatedOnToolsVersion = 14.2;
					};
				};
			};
			buildConfigurationList = 96A6B2442A1D9AEA00B16400 /* Build configuration list for PBXProject "TokenLogin" */;
			compatibilityVersion = "Xcode 14.0";
			developmentRegion = en;
			hasScannedForEncodings = 0;
			knownRegions = (
				en,
				Base,
			);
			mainGroup = 96A6B2402A1D9AEA00B16400;
			packageReferences = (
				96A6B2692A1DD00E00B16400 /* XCRemoteSwiftPackageReference "Alamofire" */,
			);
			productRefGroup = 96A6B24A2A1D9AEA00B16400 /* Products */;
			projectDirPath = "";
			projectRoot = "";
			targets = (
				96A6B2482A1D9AEA00B16400 /* TokenLogin */,
			);
		};
/* End PBXProject section */

/* Begin PBXResourcesBuildPhase section */
		96A6B2472A1D9AEA00B16400 /* Resources */ = {
			isa = PBXResourcesBuildPhase;
			buildActionMask = 2147483647;
			files = (
				96A6B2542A1D9AEB00B16400 /* Preview Assets.xcassets in Resources */,
				96A6B2512A1D9AEB00B16400 /* Assets.xcassets in Resources */,
			);
			runOnlyForDeploymentPostprocessing = 0;
		};
/* End PBXResourcesBuildPhase section */

/* Begin PBXSourcesBuildPhase section */
		96A6B2452A1D9AEA00B16400 /* Sources */ = {
			isa = PBXSourcesBuildPhase;
			buildActionMask = 2147483647;
			files = (
				965F7CAB2A1F4FAB000A9FB8 /* UserApiService.swift in Sources */,
				96A6B2662A1DC68A00B16400 /* OtherUserProfileView.swift in Sources */,
				96A6B2632A1DAAA200B16400 /* UserData.swift in Sources */,
				96A6B2702A1DD33500B16400 /* ApiClient.swift in Sources */,
				96A6B25C2A1DA4E300B16400 /* LoginView.swift in Sources */,
				965F7CB22A1F54DA000A9FB8 /* OAuthAuthenticator.swift in Sources */,
				96A6B2682A1DC7E000B16400 /* UserListView.swift in Sources */,
				96A6B25E2A1DA7AE00B16400 /* RegisterView.swift in Sources */,
				96A6B2722A1DD44D00B16400 /* BaseInterceptor.swift in Sources */,
				96A6B2602A1DAA4A00B16400 /* ProfileView.swift in Sources */,
				96A6B24F2A1D9AEA00B16400 /* ContentView.swift in Sources */,
				96A6B2802A1DE13600B16400 /* UserVM.swift in Sources */,
				96A6B2742A1DD52900B16400 /* ApiLogger.swift in Sources */,
				96A6B2792A1DDDB700B16400 /* AuthApiService.swift in Sources */,
				96A6B27B2A1DDE9B00B16400 /* TokenData.swift in Sources */,
				965F7CB02A1F541B000A9FB8 /* OAuthCredential.swift in Sources */,
				965F7CA92A1F4EED000A9FB8 /* UserRouter.swift in Sources */,
				96A6B2762A1DD6A700B16400 /* AuthRouter.swift in Sources */,
				96A6B27D2A1DDFDD00B16400 /* AuthResponse.swift in Sources */,
				965F7CAD2A1F5352000A9FB8 /* UserInfoResponse.swift in Sources */,
				965F7CA72A1F4A45000A9FB8 /* UserDefaultManager.swift in Sources */,
				96A6B24D2A1D9AEA00B16400 /* TokenLoginApp.swift in Sources */,
			);
			runOnlyForDeploymentPostprocessing = 0;
		};
/* End PBXSourcesBuildPhase section */

/* Begin XCBuildConfiguration section */
		96A6B2552A1D9AEB00B16400 /* Debug */ = {
			isa = XCBuildConfiguration;
			buildSettings = {
				ALWAYS_SEARCH_USER_PATHS = NO;
				CLANG_ANALYZER_NONNULL = YES;
				CLANG_ANALYZER_NUMBER_OBJECT_CONVERSION = YES_AGGRESSIVE;
				CLANG_CXX_LANGUAGE_STANDARD = "gnu++20";
				CLANG_ENABLE_MODULES = YES;
				CLANG_ENABLE_OBJC_ARC = YES;
				CLANG_ENABLE_OBJC_WEAK = YES;
				CLANG_WARN_BLOCK_CAPTURE_AUTORELEASING = YES;
				CLANG_WARN_BOOL_CONVERSION = YES;
				CLANG_WARN_COMMA = YES;
				CLANG_WARN_CONSTANT_CONVERSION = YES;
				CLANG_WARN_DEPRECATED_OBJC_IMPLEMENTATIONS = YES;
				CLANG_WARN_DIRECT_OBJC_ISA_USAGE = YES_ERROR;
				CLANG_WARN_DOCUMENTATION_COMMENTS = YES;
				CLANG_WARN_EMPTY_BODY = YES;
				CLANG_WARN_ENUM_CONVERSION = YES;
				CLANG_WARN_INFINITE_RECURSION = YES;
				CLANG_WARN_INT_CONVERSION = YES;
				CLANG_WARN_NON_LITERAL_NULL_CONVERSION = YES;
				CLANG_WARN_OBJC_IMPLICIT_RETAIN_SELF = YES;
				CLANG_WARN_OBJC_LITERAL_CONVERSION = YES;
				CLANG_WARN_OBJC_ROOT_CLASS = YES_ERROR;
				CLANG_WARN_QUOTED_INCLUDE_IN_FRAMEWORK_HEADER = YES;
				CLANG_WARN_RANGE_LOOP_ANALYSIS = YES;
				CLANG_WARN_STRICT_PROTOTYPES = YES;
				CLANG_WARN_SUSPICIOUS_MOVE = YES;
				CLANG_WARN_UNGUARDED_AVAILABILITY = YES_AGGRESSIVE;
				CLANG_WARN_UNREACHABLE_CODE = YES;
				CLANG_WARN__DUPLICATE_METHOD_MATCH = YES;
				COPY_PHASE_STRIP = NO;
				DEBUG_INFORMATION_FORMAT = dwarf;
				ENABLE_STRICT_OBJC_MSGSEND = YES;
				ENABLE_TESTABILITY = YES;
				GCC_C_LANGUAGE_STANDARD = gnu11;
				GCC_DYNAMIC_NO_PIC = NO;
				GCC_NO_COMMON_BLOCKS = YES;
				GCC_OPTIMIZATION_LEVEL = 0;
				GCC_PREPROCESSOR_DEFINITIONS = (
					"DEBUG=1",
					"$(inherited)",
				);
				GCC_WARN_64_TO_32_BIT_CONVERSION = YES;
				GCC_WARN_ABOUT_RETURN_TYPE = YES_ERROR;
				GCC_WARN_UNDECLARED_SELECTOR = YES;
				GCC_WARN_UNINITIALIZED_AUTOS = YES_AGGRESSIVE;
				GCC_WARN_UNUSED_FUNCTION = YES;
				GCC_WARN_UNUSED_VARIABLE = YES;
				IPHONEOS_DEPLOYMENT_TARGET = 16.2;
				MTL_ENABLE_DEBUG_INFO = INCLUDE_SOURCE;
				MTL_FAST_MATH = YES;
				ONLY_ACTIVE_ARCH = YES;
				SDKROOT = iphoneos;
				SWIFT_ACTIVE_COMPILATION_CONDITIONS = DEBUG;
				SWIFT_OPTIMIZATION_LEVEL = "-Onone";
			};
			name = Debug;
		};
		96A6B2562A1D9AEB00B16400 /* Release */ = {
			isa = XCBuildConfiguration;
			buildSettings = {
				ALWAYS_SEARCH_USER_PATHS = NO;
				CLANG_ANALYZER_NONNULL = YES;
				CLANG_ANALYZER_NUMBER_OBJECT_CONVERSION = YES_AGGRESSIVE;
				CLANG_CXX_LANGUAGE_STANDARD = "gnu++20";
				CLANG_ENABLE_MODULES = YES;
				CLANG_ENABLE_OBJC_ARC = YES;
				CLANG_ENABLE_OBJC_WEAK = YES;
				CLANG_WARN_BLOCK_CAPTURE_AUTORELEASING = YES;
				CLANG_WARN_BOOL_CONVERSION = YES;
				CLANG_WARN_COMMA = YES;
				CLANG_WARN_CONSTANT_CONVERSION = YES;
				CLANG_WARN_DEPRECATED_OBJC_IMPLEMENTATIONS = YES;
				CLANG_WARN_DIRECT_OBJC_ISA_USAGE = YES_ERROR;
				CLANG_WARN_DOCUMENTATION_COMMENTS = YES;
				CLANG_WARN_EMPTY_BODY = YES;
				CLANG_WARN_ENUM_CONVERSION = YES;
				CLANG_WARN_INFINITE_RECURSION = YES;
				CLANG_WARN_INT_CONVERSION = YES;
				CLANG_WARN_NON_LITERAL_NULL_CONVERSION = YES;
				CLANG_WARN_OBJC_IMPLICIT_RETAIN_SELF = YES;
				CLANG_WARN_OBJC_LITERAL_CONVERSION = YES;
				CLANG_WARN_OBJC_ROOT_CLASS = YES_ERROR;
				CLANG_WARN_QUOTED_INCLUDE_IN_FRAMEWORK_HEADER = YES;
				CLANG_WARN_RANGE_LOOP_ANALYSIS = YES;
				CLANG_WARN_STRICT_PROTOTYPES = YES;
				CLANG_WARN_SUSPICIOUS_MOVE = YES;
				CLANG_WARN_UNGUARDED_AVAILABILITY = YES_AGGRESSIVE;
				CLANG_WARN_UNREACHABLE_CODE = YES;
				CLANG_WARN__DUPLICATE_METHOD_MATCH = YES;
				COPY_PHASE_STRIP = NO;
				DEBUG_INFORMATION_FORMAT = "dwarf-with-dsym";
				ENABLE_NS_ASSERTIONS = NO;
				ENABLE_STRICT_OBJC_MSGSEND = YES;
				GCC_C_LANGUAGE_STANDARD = gnu11;
				GCC_NO_COMMON_BLOCKS = YES;
				GCC_WARN_64_TO_32_BIT_CONVERSION = YES;
				GCC_WARN_ABOUT_RETURN_TYPE = YES_ERROR;
				GCC_WARN_UNDECLARED_SELECTOR = YES;
				GCC_WARN_UNINITIALIZED_AUTOS = YES_AGGRESSIVE;
				GCC_WARN_UNUSED_FUNCTION = YES;
				GCC_WARN_UNUSED_VARIABLE = YES;
				IPHONEOS_DEPLOYMENT_TARGET = 16.2;
				MTL_ENABLE_DEBUG_INFO = NO;
				MTL_FAST_MATH = YES;
				SDKROOT = iphoneos;
				SWIFT_COMPILATION_MODE = wholemodule;
				SWIFT_OPTIMIZATION_LEVEL = "-O";
				VALIDATE_PRODUCT = YES;
			};
			name = Release;
		};
		96A6B2582A1D9AEB00B16400 /* Debug */ = {
			isa = XCBuildConfiguration;
			buildSettings = {
				ASSETCATALOG_COMPILER_APPICON_NAME = AppIcon;
				ASSETCATALOG_COMPILER_GLOBAL_ACCENT_COLOR_NAME = AccentColor;
				CODE_SIGN_STYLE = Automatic;
				CURRENT_PROJECT_VERSION = 1;
				DEVELOPMENT_ASSET_PATHS = "\"TokenLogin/Preview Content\"";
				DEVELOPMENT_TEAM = KSWJNKXHGB;
				ENABLE_PREVIEWS = YES;
				GENERATE_INFOPLIST_FILE = YES;
				INFOPLIST_FILE = TokenLogin/Info.plist;
				INFOPLIST_KEY_UIApplicationSceneManifest_Generation = YES;
				INFOPLIST_KEY_UIApplicationSupportsIndirectInputEvents = YES;
				INFOPLIST_KEY_UILaunchScreen_Generation = YES;
				INFOPLIST_KEY_UISupportedInterfaceOrientations_iPad = "UIInterfaceOrientationPortrait UIInterfaceOrientationPortraitUpsideDown UIInterfaceOrientationLandscapeLeft UIInterfaceOrientationLandscapeRight";
				INFOPLIST_KEY_UISupportedInterfaceOrientations_iPhone = "UIInterfaceOrientationPortrait UIInterfaceOrientationLandscapeLeft UIInterfaceOrientationLandscapeRight";
				IPHONEOS_DEPLOYMENT_TARGET = 15.0;
				LD_RUNPATH_SEARCH_PATHS = (
					"$(inherited)",
					"@executable_path/Frameworks",
				);
				MARKETING_VERSION = 1.0;
				PRODUCT_BUNDLE_IDENTIFIER = com.lsk.alamo.TokenLogin;
				PRODUCT_NAME = "$(TARGET_NAME)";
				SWIFT_EMIT_LOC_STRINGS = YES;
				SWIFT_VERSION = 5.0;
				TARGETED_DEVICE_FAMILY = "1,2";
			};
			name = Debug;
		};
		96A6B2592A1D9AEB00B16400 /* Release */ = {
			isa = XCBuildConfiguration;
			buildSettings = {
				ASSETCATALOG_COMPILER_APPICON_NAME = AppIcon;
				ASSETCATALOG_COMPILER_GLOBAL_ACCENT_COLOR_NAME = AccentColor;
				CODE_SIGN_STYLE = Automatic;
				CURRENT_PROJECT_VERSION = 1;
				DEVELOPMENT_ASSET_PATHS = "\"TokenLogin/Preview Content\"";
				DEVELOPMENT_TEAM = KSWJNKXHGB;
				ENABLE_PREVIEWS = YES;
				GENERATE_INFOPLIST_FILE = YES;
				INFOPLIST_FILE = TokenLogin/Info.plist;
				INFOPLIST_KEY_UIApplicationSceneManifest_Generation = YES;
				INFOPLIST_KEY_UIApplicationSupportsIndirectInputEvents = YES;
				INFOPLIST_KEY_UILaunchScreen_Generation = YES;
				INFOPLIST_KEY_UISupportedInterfaceOrientations_iPad = "UIInterfaceOrientationPortrait UIInterfaceOrientationPortraitUpsideDown UIInterfaceOrientationLandscapeLeft UIInterfaceOrientationLandscapeRight";
				INFOPLIST_KEY_UISupportedInterfaceOrientations_iPhone = "UIInterfaceOrientationPortrait UIInterfaceOrientationLandscapeLeft UIInterfaceOrientationLandscapeRight";
				IPHONEOS_DEPLOYMENT_TARGET = 15.0;
				LD_RUNPATH_SEARCH_PATHS = (
					"$(inherited)",
					"@executable_path/Frameworks",
				);
				MARKETING_VERSION = 1.0;
				PRODUCT_BUNDLE_IDENTIFIER = com.lsk.alamo.TokenLogin;
				PRODUCT_NAME = "$(TARGET_NAME)";
				SWIFT_EMIT_LOC_STRINGS = YES;
				SWIFT_VERSION = 5.0;
				TARGETED_DEVICE_FAMILY = "1,2";
			};
			name = Release;
		};
/* End XCBuildConfiguration section */

/* Begin XCConfigurationList section */
		96A6B2442A1D9AEA00B16400 /* Build configuration list for PBXProject "TokenLogin" */ = {
			isa = XCConfigurationList;
			buildConfigurations = (
				96A6B2552A1D9AEB00B16400 /* Debug */,
				96A6B2562A1D9AEB00B16400 /* Release */,
			);
			defaultConfigurationIsVisible = 0;
			defaultConfigurationName = Release;
		};
		96A6B2572A1D9AEB00B16400 /* Build configuration list for PBXNativeTarget "TokenLogin" */ = {
			isa = XCConfigurationList;
			buildConfigurations = (
				96A6B2582A1D9AEB00B16400 /* Debug */,
				96A6B2592A1D9AEB00B16400 /* Release */,
			);
			defaultConfigurationIsVisible = 0;
			defaultConfigurationName = Release;
		};
/* End XCConfigurationList section */

/* Begin XCRemoteSwiftPackageReference section */
		96A6B2692A1DD00E00B16400 /* XCRemoteSwiftPackageReference "Alamofire" */ = {
			isa = XCRemoteSwiftPackageReference;
			repositoryURL = "https://github.com/Alamofire/Alamofire.git";
			requirement = {
				branch = master;
				kind = branch;
			};
		};
/* End XCRemoteSwiftPackageReference section */

/* Begin XCSwiftPackageProductDependency section */
		96A6B26A2A1DD00E00B16400 /* Alamofire */ = {
			isa = XCSwiftPackageProductDependency;
			package = 96A6B2692A1DD00E00B16400 /* XCRemoteSwiftPackageReference "Alamofire" */;
			productName = Alamofire;
		};
/* End XCSwiftPackageProductDependency section */
	};
	rootObject = 96A6B2412A1D9AEA00B16400 /* Project object */;
}
